
Microsoft Visual Studio Solution File, Format Version 12.00
# Visual Studio Version 16
VisualStudioVersion = 16.0.29403.142
MinimumVisualStudioVersion = 10.0.40219.1
Project("{9A19103F-16F7-4668-BE54-9A1E7A4F7556}") = "NUnitTestProject", "NUnitTestProject\NUnitTestProject.csproj", "{84C4B81A-1113-4291-9A2B-906879202BA4}"
EndProject
Global
	GlobalSection(SolutionConfigurationPlatforms) = preSolution
		Debug|Any CPU = Debug|Any CPU
		Release|Any CPU = Release|Any CPU
	EndGlobalSection
	GlobalSection(ProjectConfigurationPlatforms) = postSolution
		{84C4B81A-1113-4291-9A2B-906879202BA4}.Debug|Any CPU.ActiveCfg = Debug|Any CPU
		{84C4B81A-1113-4291-9A2B-906879202BA4}.Debug|Any CPU.Build.0 = Debug|Any CPU
		{84C4B81A-1113-4291-9A2B-906879202BA4}.Release|Any CPU.ActiveCfg = Release|Any CPU
		{84C4B81A-1113-4291-9A2B-906879202BA4}.Release|Any CPU.Build.0 = Release|Any CPU
	EndGlobalSection
	GlobalSection(SolutionProperties) = preSolution
		HideSolutionNode = FALSE
	EndGlobalSection
	GlobalSection(ExtensibilityGlobals) = postSolution
		SolutionGuid = {D371B305-21C9-445E-9766-A649A142681F}
	EndGlobalSection
EndGlobal
