
Microsoft Visual Studio Solution File, Format Version 12.00
# Visual Studio Version 16
VisualStudioVersion = 16.0.29403.142
MinimumVisualStudioVersion = 10.0.40219.1
Project("{FAE04EC0-301F-11D3-BF4B-00C04F79EFBC}") = "NUnitTestProject", "NUnitTestProject\NUnitTestProject.csproj", "{84C4B81A-1113-4291-9A2B-906879202BA4}"
EndProject
Project("{FAE04EC0-301F-11D3-BF4B-00C04F79EFBC}") = "AutomationLibrary", "..\ClassLibrary\AutomationLibrary.csproj", "{B89F6535-1622-4997-92E7-9326D63292C0}"
EndProject
Global
	GlobalSection(SolutionConfigurationPlatforms) = preSolution
		Debug|Any CPU = Debug|Any CPU
		Release|Any CPU = Release|Any CPU
	EndGlobalSection
	GlobalSection(ProjectConfigurationPlatforms) = postSolution
		{84C4B81A-1113-4291-9A2B-906879202BA4}.Debug|Any CPU.ActiveCfg = Debug|Any CPU
		{84C4B81A-1113-4291-9A2B-906879202BA4}.Debug|Any CPU.Build.0 = Debug|Any CPU
		{84C4B81A-1113-4291-9A2B-906879202BA4}.Release|Any CPU.ActiveCfg = Release|Any CPU
		{84C4B81A-1113-4291-9A2B-906879202BA4}.Release|Any CPU.Build.0 = Release|Any CPU
		{B89F6535-1622-4997-92E7-9326D63292C0}.Debug|Any CPU.ActiveCfg = Debug|Any CPU
		{B89F6535-1622-4997-92E7-9326D63292C0}.Debug|Any CPU.Build.0 = Debug|Any CPU
		{B89F6535-1622-4997-92E7-9326D63292C0}.Release|Any CPU.ActiveCfg = Release|Any CPU
		{B89F6535-1622-4997-92E7-9326D63292C0}.Release|Any CPU.Build.0 = Release|Any CPU
	EndGlobalSection
	GlobalSection(SolutionProperties) = preSolution
		HideSolutionNode = FALSE
	EndGlobalSection
	GlobalSection(ExtensibilityGlobals) = postSolution
		SolutionGuid = {D371B305-21C9-445E-9766-A649A142681F}
	EndGlobalSection
EndGlobal
